// !$*UTF8*$!
{
	archiveVersion = 1;
	classes = {
	};
	objectVersion = 51;
	objects = {

/* Begin PBXBuildFile section */
		4221DB302386827F00EEE859 /* AppDelegate.swift in Sources */ = {isa = PBXBuildFile; fileRef = 4221DB2F2386827F00EEE859 /* AppDelegate.swift */; };
		4221DB322386827F00EEE859 /* SceneDelegate.swift in Sources */ = {isa = PBXBuildFile; fileRef = 4221DB312386827F00EEE859 /* SceneDelegate.swift */; };
		4221DB342386827F00EEE859 /* ViewController.swift in Sources */ = {isa = PBXBuildFile; fileRef = 4221DB332386827F00EEE859 /* ViewController.swift */; };
		4221DB372386827F00EEE859 /* Main.storyboard in Resources */ = {isa = PBXBuildFile; fileRef = 4221DB352386827F00EEE859 /* Main.storyboard */; };
		4221DB392386828000EEE859 /* Assets.xcassets in Resources */ = {isa = PBXBuildFile; fileRef = 4221DB382386828000EEE859 /* Assets.xcassets */; };
		4221DB3C2386828000EEE859 /* LaunchScreen.storyboard in Resources */ = {isa = PBXBuildFile; fileRef = 4221DB3A2386828000EEE859 /* LaunchScreen.storyboard */; };
		424AAEE12388506F00D07EBE /* Bar.swift in Sources */ = {isa = PBXBuildFile; fileRef = 424AAEE02388506F00D07EBE /* Bar.swift */; };
		424AAEE32388518A00D07EBE /* BarSearcherService.swift in Sources */ = {isa = PBXBuildFile; fileRef = 424AAEE22388518A00D07EBE /* BarSearcherService.swift */; };
		B8A60C744A389152D19978C6 /* Pods_Find_a_bar.framework in Frameworks */ = {isa = PBXBuildFile; fileRef = 2F60352C03DE2C00F6092626 /* Pods_Find_a_bar.framework */; };
/* End PBXBuildFile section */

/* Begin PBXFileReference section */
		2F60352C03DE2C00F6092626 /* Pods_Find_a_bar.framework */ = {isa = PBXFileReference; explicitFileType = wrapper.framework; includeInIndex = 0; path = Pods_Find_a_bar.framework; sourceTree = BUILT_PRODUCTS_DIR; };
		4221DB2C2386827F00EEE859 /* Find a bar.app */ = {isa = PBXFileReference; explicitFileType = wrapper.application; includeInIndex = 0; path = "Find a bar.app"; sourceTree = BUILT_PRODUCTS_DIR; };
		4221DB2F2386827F00EEE859 /* AppDelegate.swift */ = {isa = PBXFileReference; lastKnownFileType = sourcecode.swift; path = AppDelegate.swift; sourceTree = "<group>"; };
		4221DB312386827F00EEE859 /* SceneDelegate.swift */ = {isa = PBXFileReference; lastKnownFileType = sourcecode.swift; path = SceneDelegate.swift; sourceTree = "<group>"; };
		4221DB332386827F00EEE859 /* ViewController.swift */ = {isa = PBXFileReference; lastKnownFileType = sourcecode.swift; path = ViewController.swift; sourceTree = "<group>"; };
		4221DB362386827F00EEE859 /* Base */ = {isa = PBXFileReference; lastKnownFileType = file.storyboard; name = Base; path = Base.lproj/Main.storyboard; sourceTree = "<group>"; };
		4221DB382386828000EEE859 /* Assets.xcassets */ = {isa = PBXFileReference; lastKnownFileType = folder.assetcatalog; path = Assets.xcassets; sourceTree = "<group>"; };
		4221DB3B2386828000EEE859 /* Base */ = {isa = PBXFileReference; lastKnownFileType = file.storyboard; name = Base; path = Base.lproj/LaunchScreen.storyboard; sourceTree = "<group>"; };
		4221DB3D2386828000EEE859 /* Info.plist */ = {isa = PBXFileReference; lastKnownFileType = text.plist.xml; path = Info.plist; sourceTree = "<group>"; };
		424AAEE02388506F00D07EBE /* Bar.swift */ = {isa = PBXFileReference; lastKnownFileType = sourcecode.swift; path = Bar.swift; sourceTree = "<group>"; };
		424AAEE22388518A00D07EBE /* BarSearcherService.swift */ = {isa = PBXFileReference; lastKnownFileType = sourcecode.swift; path = BarSearcherService.swift; sourceTree = "<group>"; };
		77B447A12C1424C6FABE19F2 /* Pods-Find a bar.debug.xcconfig */ = {isa = PBXFileReference; includeInIndex = 1; lastKnownFileType = text.xcconfig; name = "Pods-Find a bar.debug.xcconfig"; path = "Target Support Files/Pods-Find a bar/Pods-Find a bar.debug.xcconfig"; sourceTree = "<group>"; };
		9C70CF2BC28D35D21ADD6D05 /* Pods-Find a bar.release.xcconfig */ = {isa = PBXFileReference; includeInIndex = 1; lastKnownFileType = text.xcconfig; name = "Pods-Find a bar.release.xcconfig"; path = "Target Support Files/Pods-Find a bar/Pods-Find a bar.release.xcconfig"; sourceTree = "<group>"; };
/* End PBXFileReference section */

/* Begin PBXFrameworksBuildPhase section */
		4221DB292386827F00EEE859 /* Frameworks */ = {
			isa = PBXFrameworksBuildPhase;
			buildActionMask = 2147483647;
			files = (
				B8A60C744A389152D19978C6 /* Pods_Find_a_bar.framework in Frameworks */,
			);
			runOnlyForDeploymentPostprocessing = 0;
		};
/* End PBXFrameworksBuildPhase section */

/* Begin PBXGroup section */
		4221DB232386827F00EEE859 = {
			isa = PBXGroup;
			children = (
				4221DB2E2386827F00EEE859 /* Find a bar */,
				4221DB2D2386827F00EEE859 /* Products */,
				71A26741081DB6CD3F85D088 /* Pods */,
				F47481B077E4E2AAA3064455 /* Frameworks */,
			);
			sourceTree = "<group>";
		};
		4221DB2D2386827F00EEE859 /* Products */ = {
			isa = PBXGroup;
			children = (
				4221DB2C2386827F00EEE859 /* Find a bar.app */,
			);
			name = Products;
			sourceTree = "<group>";
		};
		4221DB2E2386827F00EEE859 /* Find a bar */ = {
			isa = PBXGroup;
			children = (
				4221DB2F2386827F00EEE859 /* AppDelegate.swift */,
				4221DB312386827F00EEE859 /* SceneDelegate.swift */,
				4221DB332386827F00EEE859 /* ViewController.swift */,
				4221DB352386827F00EEE859 /* Main.storyboard */,
				4221DB382386828000EEE859 /* Assets.xcassets */,
				4221DB3A2386828000EEE859 /* LaunchScreen.storyboard */,
				4221DB3D2386828000EEE859 /* Info.plist */,
				424AAEE02388506F00D07EBE /* Bar.swift */,
				424AAEE22388518A00D07EBE /* BarSearcherService.swift */,
			);
			path = "Find a bar";
			sourceTree = "<group>";
		};
		71A26741081DB6CD3F85D088 /* Pods */ = {
			isa = PBXGroup;
			children = (
				77B447A12C1424C6FABE19F2 /* Pods-Find a bar.debug.xcconfig */,
				9C70CF2BC28D35D21ADD6D05 /* Pods-Find a bar.release.xcconfig */,
			);
			path = Pods;
			sourceTree = "<group>";
		};
		F47481B077E4E2AAA3064455 /* Frameworks */ = {
			isa = PBXGroup;
			children = (
				2F60352C03DE2C00F6092626 /* Pods_Find_a_bar.framework */,
			);
			name = Frameworks;
			sourceTree = "<group>";
		};
/* End PBXGroup section */

/* Begin PBXNativeTarget section */
		4221DB2B2386827F00EEE859 /* Find a bar */ = {
			isa = PBXNativeTarget;
			buildConfigurationList = 4221DB402386828000EEE859 /* Build configuration list for PBXNativeTarget "Find a bar" */;
			buildPhases = (
				344A0270A79C45E0664963DB /* [CP] Check Pods Manifest.lock */,
				4221DB282386827F00EEE859 /* Sources */,
				4221DB292386827F00EEE859 /* Frameworks */,
				4221DB2A2386827F00EEE859 /* Resources */,
				C9D4FD0A7563C01907013E5D /* [CP] Copy Pods Resources */,
			);
			buildRules = (
			);
			dependencies = (
			);
			name = "Find a bar";
			productName = "Find a bar";
			productReference = 4221DB2C2386827F00EEE859 /* Find a bar.app */;
			productType = "com.apple.product-type.application";
		};
/* End PBXNativeTarget section */

/* Begin PBXProject section */
		4221DB242386827F00EEE859 /* Project object */ = {
			isa = PBXProject;
			attributes = {
				LastSwiftUpdateCheck = 1120;
				LastUpgradeCheck = 1120;
				ORGANIZATIONNAME = "Всеволод Андрющенко";
				TargetAttributes = {
					4221DB2B2386827F00EEE859 = {
						CreatedOnToolsVersion = 11.2.1;
					};
				};
			};
			buildConfigurationList = 4221DB272386827F00EEE859 /* Build configuration list for PBXProject "Find a bar" */;
			compatibilityVersion = "Xcode 9.3";
			developmentRegion = en;
			hasScannedForEncodings = 0;
			knownRegions = (
				en,
				Base,
			);
			mainGroup = 4221DB232386827F00EEE859;
			productRefGroup = 4221DB2D2386827F00EEE859 /* Products */;
			projectDirPath = "";
			projectRoot = "";
			targets = (
				4221DB2B2386827F00EEE859 /* Find a bar */,
			);
		};
/* End PBXProject section */

/* Begin PBXResourcesBuildPhase section */
		4221DB2A2386827F00EEE859 /* Resources */ = {
			isa = PBXResourcesBuildPhase;
			buildActionMask = 2147483647;
			files = (
				4221DB3C2386828000EEE859 /* LaunchScreen.storyboard in Resources */,
				4221DB392386828000EEE859 /* Assets.xcassets in Resources */,
				4221DB372386827F00EEE859 /* Main.storyboard in Resources */,
			);
			runOnlyForDeploymentPostprocessing = 0;
		};
/* End PBXResourcesBuildPhase section */

/* Begin PBXShellScriptBuildPhase section */
		344A0270A79C45E0664963DB /* [CP] Check Pods Manifest.lock */ = {
			isa = PBXShellScriptBuildPhase;
			buildActionMask = 2147483647;
			files = (
			);
			inputFileListPaths = (
			);
			inputPaths = (
				"${PODS_PODFILE_DIR_PATH}/Podfile.lock",
				"${PODS_ROOT}/Manifest.lock",
			);
			name = "[CP] Check Pods Manifest.lock";
			outputFileListPaths = (
			);
			outputPaths = (
				"$(DERIVED_FILE_DIR)/Pods-Find a bar-checkManifestLockResult.txt",
			);
			runOnlyForDeploymentPostprocessing = 0;
			shellPath = /bin/sh;
			shellScript = "diff \"${PODS_PODFILE_DIR_PATH}/Podfile.lock\" \"${PODS_ROOT}/Manifest.lock\" > /dev/null\nif [ $? != 0 ] ; then\n    # print error to STDERR\n    echo \"error: The sandbox is not in sync with the Podfile.lock. Run 'pod install' or update your CocoaPods installation.\" >&2\n    exit 1\nfi\n# This output is used by Xcode 'outputs' to avoid re-running this script phase.\necho \"SUCCESS\" > \"${SCRIPT_OUTPUT_FILE_0}\"\n";
			showEnvVarsInLog = 0;
		};
		C9D4FD0A7563C01907013E5D /* [CP] Copy Pods Resources */ = {
			isa = PBXShellScriptBuildPhase;
			buildActionMask = 2147483647;
			files = (
			);
			inputFileListPaths = (
				"${PODS_ROOT}/Target Support Files/Pods-Find a bar/Pods-Find a bar-resources-${CONFIGURATION}-input-files.xcfilelist",
			);
			name = "[CP] Copy Pods Resources";
			outputFileListPaths = (
				"${PODS_ROOT}/Target Support Files/Pods-Find a bar/Pods-Find a bar-resources-${CONFIGURATION}-output-files.xcfilelist",
			);
			runOnlyForDeploymentPostprocessing = 0;
			shellPath = /bin/sh;
			shellScript = "\"${PODS_ROOT}/Target Support Files/Pods-Find a bar/Pods-Find a bar-resources.sh\"\n";
			showEnvVarsInLog = 0;
		};
/* End PBXShellScriptBuildPhase section */

/* Begin PBXSourcesBuildPhase section */
		4221DB282386827F00EEE859 /* Sources */ = {
			isa = PBXSourcesBuildPhase;
			buildActionMask = 2147483647;
			files = (
				4221DB342386827F00EEE859 /* ViewController.swift in Sources */,
				424AAEE12388506F00D07EBE /* Bar.swift in Sources */,
				4221DB302386827F00EEE859 /* AppDelegate.swift in Sources */,
				424AAEE32388518A00D07EBE /* BarSearcherService.swift in Sources */,
				4221DB322386827F00EEE859 /* SceneDelegate.swift in Sources */,
			);
			runOnlyForDeploymentPostprocessing = 0;
		};
/* End PBXSourcesBuildPhase section */

/* Begin PBXVariantGroup section */
		4221DB352386827F00EEE859 /* Main.storyboard */ = {
			isa = PBXVariantGroup;
			children = (
				4221DB362386827F00EEE859 /* Base */,
			);
			name = Main.storyboard;
			sourceTree = "<group>";
		};
		4221DB3A2386828000EEE859 /* LaunchScreen.storyboard */ = {
			isa = PBXVariantGroup;
			children = (
				4221DB3B2386828000EEE859 /* Base */,
			);
			name = LaunchScreen.storyboard;
			sourceTree = "<group>";
		};
/* End PBXVariantGroup section */

/* Begin XCBuildConfiguration section */
		4221DB3E2386828000EEE859 /* Debug */ = {
			isa = XCBuildConfiguration;
			buildSettings = {
				ALWAYS_SEARCH_USER_PATHS = NO;
				CLANG_ANALYZER_NONNULL = YES;
				CLANG_ANALYZER_NUMBER_OBJECT_CONVERSION = YES_AGGRESSIVE;
				CLANG_CXX_LANGUAGE_STANDARD = "gnu++14";
				CLANG_CXX_LIBRARY = "libc++";
				CLANG_ENABLE_MODULES = YES;
				CLANG_ENABLE_OBJC_ARC = YES;
				CLANG_ENABLE_OBJC_WEAK = YES;
				CLANG_WARN_BLOCK_CAPTURE_AUTORELEASING = YES;
				CLANG_WARN_BOOL_CONVERSION = YES;
				CLANG_WARN_COMMA = YES;
				CLANG_WARN_CONSTANT_CONVERSION = YES;
				CLANG_WARN_DEPRECATED_OBJC_IMPLEMENTATIONS = YES;
				CLANG_WARN_DIRECT_OBJC_ISA_USAGE = YES_ERROR;
				CLANG_WARN_DOCUMENTATION_COMMENTS = YES;
				CLANG_WARN_EMPTY_BODY = YES;
				CLANG_WARN_ENUM_CONVERSION = YES;
				CLANG_WARN_INFINITE_RECURSION = YES;
				CLANG_WARN_INT_CONVERSION = YES;
				CLANG_WARN_NON_LITERAL_NULL_CONVERSION = YES;
				CLANG_WARN_OBJC_IMPLICIT_RETAIN_SELF = YES;
				CLANG_WARN_OBJC_LITERAL_CONVERSION = YES;
				CLANG_WARN_OBJC_ROOT_CLASS = YES_ERROR;
				CLANG_WARN_RANGE_LOOP_ANALYSIS = YES;
				CLANG_WARN_STRICT_PROTOTYPES = YES;
				CLANG_WARN_SUSPICIOUS_MOVE = YES;
				CLANG_WARN_UNGUARDED_AVAILABILITY = YES_AGGRESSIVE;
				CLANG_WARN_UNREACHABLE_CODE = YES;
				CLANG_WARN__DUPLICATE_METHOD_MATCH = YES;
				COPY_PHASE_STRIP = NO;
				DEBUG_INFORMATION_FORMAT = dwarf;
				ENABLE_STRICT_OBJC_MSGSEND = YES;
				ENABLE_TESTABILITY = YES;
				GCC_C_LANGUAGE_STANDARD = gnu11;
				GCC_DYNAMIC_NO_PIC = NO;
				GCC_NO_COMMON_BLOCKS = YES;
				GCC_OPTIMIZATION_LEVEL = 0;
				GCC_PREPROCESSOR_DEFINITIONS = (
					"DEBUG=1",
					"$(inherited)",
				);
				GCC_WARN_64_TO_32_BIT_CONVERSION = YES;
				GCC_WARN_ABOUT_RETURN_TYPE = YES_ERROR;
				GCC_WARN_UNDECLARED_SELECTOR = YES;
				GCC_WARN_UNINITIALIZED_AUTOS = YES_AGGRESSIVE;
				GCC_WARN_UNUSED_FUNCTION = YES;
				GCC_WARN_UNUSED_VARIABLE = YES;
				IPHONEOS_DEPLOYMENT_TARGET = 13.2;
				MTL_ENABLE_DEBUG_INFO = INCLUDE_SOURCE;
				MTL_FAST_MATH = YES;
				ONLY_ACTIVE_ARCH = YES;
				SDKROOT = iphoneos;
				SWIFT_ACTIVE_COMPILATION_CONDITIONS = DEBUG;
				SWIFT_OPTIMIZATION_LEVEL = "-Onone";
			};
			name = Debug;
		};
		4221DB3F2386828000EEE859 /* Release */ = {
			isa = XCBuildConfiguration;
			buildSettings = {
				ALWAYS_SEARCH_USER_PATHS = NO;
				CLANG_ANALYZER_NONNULL = YES;
				CLANG_ANALYZER_NUMBER_OBJECT_CONVERSION = YES_AGGRESSIVE;
				CLANG_CXX_LANGUAGE_STANDARD = "gnu++14";
				CLANG_CXX_LIBRARY = "libc++";
				CLANG_ENABLE_MODULES = YES;
				CLANG_ENABLE_OBJC_ARC = YES;
				CLANG_ENABLE_OBJC_WEAK = YES;
				CLANG_WARN_BLOCK_CAPTURE_AUTORELEASING = YES;
				CLANG_WARN_BOOL_CONVERSION = YES;
				CLANG_WARN_COMMA = YES;
				CLANG_WARN_CONSTANT_CONVERSION = YES;
				CLANG_WARN_DEPRECATED_OBJC_IMPLEMENTATIONS = YES;
				CLANG_WARN_DIRECT_OBJC_ISA_USAGE = YES_ERROR;
				CLANG_WARN_DOCUMENTATION_COMMENTS = YES;
				CLANG_WARN_EMPTY_BODY = YES;
				CLANG_WARN_ENUM_CONVERSION = YES;
				CLANG_WARN_INFINITE_RECURSION = YES;
				CLANG_WARN_INT_CONVERSION = YES;
				CLANG_WARN_NON_LITERAL_NULL_CONVERSION = YES;
				CLANG_WARN_OBJC_IMPLICIT_RETAIN_SELF = YES;
				CLANG_WARN_OBJC_LITERAL_CONVERSION = YES;
				CLANG_WARN_OBJC_ROOT_CLASS = YES_ERROR;
				CLANG_WARN_RANGE_LOOP_ANALYSIS = YES;
				CLANG_WARN_STRICT_PROTOTYPES = YES;
				CLANG_WARN_SUSPICIOUS_MOVE = YES;
				CLANG_WARN_UNGUARDED_AVAILABILITY = YES_AGGRESSIVE;
				CLANG_WARN_UNREACHABLE_CODE = YES;
				CLANG_WARN__DUPLICATE_METHOD_MATCH = YES;
				COPY_PHASE_STRIP = NO;
				DEBUG_INFORMATION_FORMAT = "dwarf-with-dsym";
				ENABLE_NS_ASSERTIONS = NO;
				ENABLE_STRICT_OBJC_MSGSEND = YES;
				GCC_C_LANGUAGE_STANDARD = gnu11;
				GCC_NO_COMMON_BLOCKS = YES;
				GCC_WARN_64_TO_32_BIT_CONVERSION = YES;
				GCC_WARN_ABOUT_RETURN_TYPE = YES_ERROR;
				GCC_WARN_UNDECLARED_SELECTOR = YES;
				GCC_WARN_UNINITIALIZED_AUTOS = YES_AGGRESSIVE;
				GCC_WARN_UNUSED_FUNCTION = YES;
				GCC_WARN_UNUSED_VARIABLE = YES;
				IPHONEOS_DEPLOYMENT_TARGET = 13.2;
				MTL_ENABLE_DEBUG_INFO = NO;
				MTL_FAST_MATH = YES;
				SDKROOT = iphoneos;
				SWIFT_COMPILATION_MODE = wholemodule;
				SWIFT_OPTIMIZATION_LEVEL = "-O";
				VALIDATE_PRODUCT = YES;
			};
			name = Release;
		};
		4221DB412386828000EEE859 /* Debug */ = {
			isa = XCBuildConfiguration;
			baseConfigurationReference = 77B447A12C1424C6FABE19F2 /* Pods-Find a bar.debug.xcconfig */;
			buildSettings = {
				ASSETCATALOG_COMPILER_APPICON_NAME = AppIcon;
				CODE_SIGN_STYLE = Automatic;
				DEVELOPMENT_TEAM = ZVKQ6JXF49;
				INFOPLIST_FILE = "Find a bar/Info.plist";
				LD_RUNPATH_SEARCH_PATHS = (
					"$(inherited)",
					"@executable_path/Frameworks",
				);
				PRODUCT_BUNDLE_IDENTIFIER = "-.Find-a-bar";
				PRODUCT_NAME = "$(TARGET_NAME)";
				SWIFT_VERSION = 5.0;
				TARGETED_DEVICE_FAMILY = "1,2";
			};
			name = Debug;
		};
		4221DB422386828000EEE859 /* Release */ = {
			isa = XCBuildConfiguration;
			baseConfigurationReference = 9C70CF2BC28D35D21ADD6D05 /* Pods-Find a bar.release.xcconfig */;
			buildSettings = {
				ASSETCATALOG_COMPILER_APPICON_NAME = AppIcon;
				CODE_SIGN_STYLE = Automatic;
				DEVELOPMENT_TEAM = ZVKQ6JXF49;
				INFOPLIST_FILE = "Find a bar/Info.plist";
				LD_RUNPATH_SEARCH_PATHS = (
					"$(inherited)",
					"@executable_path/Frameworks",
				);
				PRODUCT_BUNDLE_IDENTIFIER = "-.Find-a-bar";
				PRODUCT_NAME = "$(TARGET_NAME)";
				SWIFT_VERSION = 5.0;
				TARGETED_DEVICE_FAMILY = "1,2";
			};
			name = Release;
		};
/* End XCBuildConfiguration section */

/* Begin XCConfigurationList section */
		4221DB272386827F00EEE859 /* Build configuration list for PBXProject "Find a bar" */ = {
			isa = XCConfigurationList;
			buildConfigurations = (
				4221DB3E2386828000EEE859 /* Debug */,
				4221DB3F2386828000EEE859 /* Release */,
			);
			defaultConfigurationIsVisible = 0;
			defaultConfigurationName = Release;
		};
		4221DB402386828000EEE859 /* Build configuration list for PBXNativeTarget "Find a bar" */ = {
			isa = XCConfigurationList;
			buildConfigurations = (
				4221DB412386828000EEE859 /* Debug */,
				4221DB422386828000EEE859 /* Release */,
			);
			defaultConfigurationIsVisible = 0;
			defaultConfigurationName = Release;
		};
/* End XCConfigurationList section */
	};
	rootObject = 4221DB242386827F00EEE859 /* Project object */;
}
